
Microsoft Visual Studio Solution File, Format Version 11.00
# Visual Basic Express 2010
Project("{F184B08F-C81C-45F6-A57F-5ABD9991F28F}") = "VB2010_froggSecurityChecker", "VB2010_froggSecurityChecker\VB2010_froggSecurityChecker.vbproj", "{53B99D7F-0CA2-4ABC-BC6F-439D9B4D68A7}"
EndProject
Global
	GlobalSection(SolutionConfigurationPlatforms) = preSolution
		Debug|x86 = Debug|x86
		Release|x86 = Release|x86
	EndGlobalSection
	GlobalSection(ProjectConfigurationPlatforms) = postSolution
		{53B99D7F-0CA2-4ABC-BC6F-439D9B4D68A7}.Debug|x86.ActiveCfg = Debug|x86
		{53B99D7F-0CA2-4ABC-BC6F-439D9B4D68A7}.Debug|x86.Build.0 = Debug|x86
		{53B99D7F-0CA2-4ABC-BC6F-439D9B4D68A7}.Release|x86.ActiveCfg = Release|x86
		{53B99D7F-0CA2-4ABC-BC6F-439D9B4D68A7}.Release|x86.Build.0 = Release|x86
	EndGlobalSection
	GlobalSection(SolutionProperties) = preSolution
		HideSolutionNode = FALSE
	EndGlobalSection
EndGlobal
